// !$*UTF8*$!
{
	archiveVersion = 1;
	classes = {
	};
	objectVersion = 46;
	objects = {

/* Begin PBXBuildFile section */
		566917C9195B6DCC008D7FC3 /* Foundation.framework in Frameworks */ = {isa = PBXBuildFile; fileRef = 566917C8195B6DCC008D7FC3 /* Foundation.framework */; };
		566917CB195B6DCC008D7FC3 /* CoreGraphics.framework in Frameworks */ = {isa = PBXBuildFile; fileRef = 566917CA195B6DCC008D7FC3 /* CoreGraphics.framework */; };
		566917CD195B6DCC008D7FC3 /* UIKit.framework in Frameworks */ = {isa = PBXBuildFile; fileRef = 566917CC195B6DCC008D7FC3 /* UIKit.framework */; };
		566917D3195B6DCC008D7FC3 /* InfoPlist.strings in Resources */ = {isa = PBXBuildFile; fileRef = 566917D1195B6DCC008D7FC3 /* InfoPlist.strings */; };
		566917D5195B6DCC008D7FC3 /* main.m in Sources */ = {isa = PBXBuildFile; fileRef = 566917D4195B6DCC008D7FC3 /* main.m */; };
		566917D9195B6DCC008D7FC3 /* AppDelegate.m in Sources */ = {isa = PBXBuildFile; fileRef = 566917D8195B6DCC008D7FC3 /* AppDelegate.m */; };
		566917DB195B6DCC008D7FC3 /* Images.xcassets in Resources */ = {isa = PBXBuildFile; fileRef = 566917DA195B6DCC008D7FC3 /* Images.xcassets */; };
		566917E2195B6DCC008D7FC3 /* XCTest.framework in Frameworks */ = {isa = PBXBuildFile; fileRef = 566917E1195B6DCC008D7FC3 /* XCTest.framework */; };
		566917E3195B6DCC008D7FC3 /* Foundation.framework in Frameworks */ = {isa = PBXBuildFile; fileRef = 566917C8195B6DCC008D7FC3 /* Foundation.framework */; };
		566917E4195B6DCC008D7FC3 /* UIKit.framework in Frameworks */ = {isa = PBXBuildFile; fileRef = 566917CC195B6DCC008D7FC3 /* UIKit.framework */; };
		566917EC195B6DCC008D7FC3 /* InfoPlist.strings in Resources */ = {isa = PBXBuildFile; fileRef = 566917EA195B6DCC008D7FC3 /* InfoPlist.strings */; };
		566917EE195B6DCC008D7FC3 /* practiceProject3Tests.m in Sources */ = {isa = PBXBuildFile; fileRef = 566917ED195B6DCC008D7FC3 /* practiceProject3Tests.m */; };
/* End PBXBuildFile section */

/* Begin PBXContainerItemProxy section */
		566917E5195B6DCC008D7FC3 /* PBXContainerItemProxy */ = {
			isa = PBXContainerItemProxy;
			containerPortal = 566917BD195B6DCC008D7FC3 /* Project object */;
			proxyType = 1;
			remoteGlobalIDString = 566917C4195B6DCC008D7FC3;
			remoteInfo = practiceProject3;
		};
/* End PBXContainerItemProxy section */

/* Begin PBXFileReference section */
		566917C5195B6DCC008D7FC3 /* practiceProject3.app */ = {isa = PBXFileReference; explicitFileType = wrapper.application; includeInIndex = 0; path = practiceProject3.app; sourceTree = BUILT_PRODUCTS_DIR; };
		566917C8195B6DCC008D7FC3 /* Foundation.framework */ = {isa = PBXFileReference; lastKnownFileType = wrapper.framework; name = Foundation.framework; path = System/Library/Frameworks/Foundation.framework; sourceTree = SDKROOT; };
		566917CA195B6DCC008D7FC3 /* CoreGraphics.framework */ = {isa = PBXFileReference; lastKnownFileType = wrapper.framework; name = CoreGraphics.framework; path = System/Library/Frameworks/CoreGraphics.framework; sourceTree = SDKROOT; };
		566917CC195B6DCC008D7FC3 /* UIKit.framework */ = {isa = PBXFileReference; lastKnownFileType = wrapper.framework; name = UIKit.framework; path = System/Library/Frameworks/UIKit.framework; sourceTree = SDKROOT; };
		566917D0195B6DCC008D7FC3 /* practiceProject3-Info.plist */ = {isa = PBXFileReference; lastKnownFileType = text.plist.xml; path = "practiceProject3-Info.plist"; sourceTree = "<group>"; };
		566917D2195B6DCC008D7FC3 /* en */ = {isa = PBXFileReference; lastKnownFileType = text.plist.strings; name = en; path = en.lproj/InfoPlist.strings; sourceTree = "<group>"; };
		566917D4195B6DCC008D7FC3 /* main.m */ = {isa = PBXFileReference; lastKnownFileType = sourcecode.c.objc; path = main.m; sourceTree = "<group>"; };
		566917D6195B6DCC008D7FC3 /* practiceProject3-Prefix.pch */ = {isa = PBXFileReference; lastKnownFileType = sourcecode.c.h; path = "practiceProject3-Prefix.pch"; sourceTree = "<group>"; };
		566917D7195B6DCC008D7FC3 /* AppDelegate.h */ = {isa = PBXFileReference; lastKnownFileType = sourcecode.c.h; path = AppDelegate.h; sourceTree = "<group>"; };
		566917D8195B6DCC008D7FC3 /* AppDelegate.m */ = {isa = PBXFileReference; lastKnownFileType = sourcecode.c.objc; path = AppDelegate.m; sourceTree = "<group>"; };
		566917DA195B6DCC008D7FC3 /* Images.xcassets */ = {isa = PBXFileReference; lastKnownFileType = folder.assetcatalog; path = Images.xcassets; sourceTree = "<group>"; };
		566917E0195B6DCC008D7FC3 /* practiceProject3Tests.xctest */ = {isa = PBXFileReference; explicitFileType = wrapper.cfbundle; includeInIndex = 0; path = practiceProject3Tests.xctest; sourceTree = BUILT_PRODUCTS_DIR; };
		566917E1195B6DCC008D7FC3 /* XCTest.framework */ = {isa = PBXFileReference; lastKnownFileType = wrapper.framework; name = XCTest.framework; path = Library/Frameworks/XCTest.framework; sourceTree = DEVELOPER_DIR; };
		566917E9195B6DCC008D7FC3 /* practiceProject3Tests-Info.plist */ = {isa = PBXFileReference; lastKnownFileType = text.plist.xml; path = "practiceProject3Tests-Info.plist"; sourceTree = "<group>"; };
		566917EB195B6DCC008D7FC3 /* en */ = {isa = PBXFileReference; lastKnownFileType = text.plist.strings; name = en; path = en.lproj/InfoPlist.strings; sourceTree = "<group>"; };
		566917ED195B6DCC008D7FC3 /* practiceProject3Tests.m */ = {isa = PBXFileReference; lastKnownFileType = sourcecode.c.objc; path = practiceProject3Tests.m; sourceTree = "<group>"; };
/* End PBXFileReference section */

/* Begin PBXFrameworksBuildPhase section */
		566917C2195B6DCC008D7FC3 /* Frameworks */ = {
			isa = PBXFrameworksBuildPhase;
			buildActionMask = 2147483647;
			files = (
				566917CB195B6DCC008D7FC3 /* CoreGraphics.framework in Frameworks */,
				566917CD195B6DCC008D7FC3 /* UIKit.framework in Frameworks */,
				566917C9195B6DCC008D7FC3 /* Foundation.framework in Frameworks */,
			);
			runOnlyForDeploymentPostprocessing = 0;
		};
		566917DD195B6DCC008D7FC3 /* Frameworks */ = {
			isa = PBXFrameworksBuildPhase;
			buildActionMask = 2147483647;
			files = (
				566917E2195B6DCC008D7FC3 /* XCTest.framework in Frameworks */,
				566917E4195B6DCC008D7FC3 /* UIKit.framework in Frameworks */,
				566917E3195B6DCC008D7FC3 /* Foundation.framework in Frameworks */,
			);
			runOnlyForDeploymentPostprocessing = 0;
		};
/* End PBXFrameworksBuildPhase section */

/* Begin PBXGroup section */
		566917BC195B6DCC008D7FC3 = {
			isa = PBXGroup;
			children = (
				566917CE195B6DCC008D7FC3 /* practiceProject3 */,
				566917E7195B6DCC008D7FC3 /* practiceProject3Tests */,
				566917C7195B6DCC008D7FC3 /* Frameworks */,
				566917C6195B6DCC008D7FC3 /* Products */,
			);
			sourceTree = "<group>";
		};
		566917C6195B6DCC008D7FC3 /* Products */ = {
			isa = PBXGroup;
			children = (
				566917C5195B6DCC008D7FC3 /* practiceProject3.app */,
				566917E0195B6DCC008D7FC3 /* practiceProject3Tests.xctest */,
			);
			name = Products;
			sourceTree = "<group>";
		};
		566917C7195B6DCC008D7FC3 /* Frameworks */ = {
			isa = PBXGroup;
			children = (
				566917C8195B6DCC008D7FC3 /* Foundation.framework */,
				566917CA195B6DCC008D7FC3 /* CoreGraphics.framework */,
				566917CC195B6DCC008D7FC3 /* UIKit.framework */,
				566917E1195B6DCC008D7FC3 /* XCTest.framework */,
			);
			name = Frameworks;
			sourceTree = "<group>";
		};
		566917CE195B6DCC008D7FC3 /* practiceProject3 */ = {
			isa = PBXGroup;
			children = (
				566917D7195B6DCC008D7FC3 /* AppDelegate.h */,
				566917D8195B6DCC008D7FC3 /* AppDelegate.m */,
				566917DA195B6DCC008D7FC3 /* Images.xcassets */,
				566917CF195B6DCC008D7FC3 /* Supporting Files */,
			);
			path = practiceProject3;
			sourceTree = "<group>";
		};
		566917CF195B6DCC008D7FC3 /* Supporting Files */ = {
			isa = PBXGroup;
			children = (
				566917D0195B6DCC008D7FC3 /* practiceProject3-Info.plist */,
				566917D1195B6DCC008D7FC3 /* InfoPlist.strings */,
				566917D4195B6DCC008D7FC3 /* main.m */,
				566917D6195B6DCC008D7FC3 /* practiceProject3-Prefix.pch */,
			);
			name = "Supporting Files";
			sourceTree = "<group>";
		};
		566917E7195B6DCC008D7FC3 /* practiceProject3Tests */ = {
			isa = PBXGroup;
			children = (
				566917ED195B6DCC008D7FC3 /* practiceProject3Tests.m */,
				566917E8195B6DCC008D7FC3 /* Supporting Files */,
			);
			path = practiceProject3Tests;
			sourceTree = "<group>";
		};
		566917E8195B6DCC008D7FC3 /* Supporting Files */ = {
			isa = PBXGroup;
			children = (
				566917E9195B6DCC008D7FC3 /* practiceProject3Tests-Info.plist */,
				566917EA195B6DCC008D7FC3 /* InfoPlist.strings */,
			);
			name = "Supporting Files";
			sourceTree = "<group>";
		};
/* End PBXGroup section */

/* Begin PBXNativeTarget section */
		566917C4195B6DCC008D7FC3 /* practiceProject3 */ = {
			isa = PBXNativeTarget;
			buildConfigurationList = 566917F1195B6DCC008D7FC3 /* Build configuration list for PBXNativeTarget "practiceProject3" */;
			buildPhases = (
				566917C1195B6DCC008D7FC3 /* Sources */,
				566917C2195B6DCC008D7FC3 /* Frameworks */,
				566917C3195B6DCC008D7FC3 /* Resources */,
			);
			buildRules = (
			);
			dependencies = (
			);
			name = practiceProject3;
			productName = practiceProject3;
			productReference = 566917C5195B6DCC008D7FC3 /* practiceProject3.app */;
			productType = "com.apple.product-type.application";
		};
		566917DF195B6DCC008D7FC3 /* practiceProject3Tests */ = {
			isa = PBXNativeTarget;
			buildConfigurationList = 566917F4195B6DCC008D7FC3 /* Build configuration list for PBXNativeTarget "practiceProject3Tests" */;
			buildPhases = (
				566917DC195B6DCC008D7FC3 /* Sources */,
				566917DD195B6DCC008D7FC3 /* Frameworks */,
				566917DE195B6DCC008D7FC3 /* Resources */,
			);
			buildRules = (
			);
			dependencies = (
				566917E6195B6DCC008D7FC3 /* PBXTargetDependency */,
			);
			name = practiceProject3Tests;
			productName = practiceProject3Tests;
			productReference = 566917E0195B6DCC008D7FC3 /* practiceProject3Tests.xctest */;
			productType = "com.apple.product-type.bundle.unit-test";
		};
/* End PBXNativeTarget section */

/* Begin PBXProject section */
		566917BD195B6DCC008D7FC3 /* Project object */ = {
			isa = PBXProject;
			attributes = {
				LastUpgradeCheck = 0510;
				ORGANIZATIONNAME = IshanBhalla;
				TargetAttributes = {
					566917DF195B6DCC008D7FC3 = {
						TestTargetID = 566917C4195B6DCC008D7FC3;
					};
				};
			};
			buildConfigurationList = 566917C0195B6DCC008D7FC3 /* Build configuration list for PBXProject "practiceProject3" */;
			compatibilityVersion = "Xcode 3.2";
			developmentRegion = English;
			hasScannedForEncodings = 0;
			knownRegions = (
				en,
			);
			mainGroup = 566917BC195B6DCC008D7FC3;
			productRefGroup = 566917C6195B6DCC008D7FC3 /* Products */;
			projectDirPath = "";
			projectRoot = "";
			targets = (
				566917C4195B6DCC008D7FC3 /* practiceProject3 */,
				566917DF195B6DCC008D7FC3 /* practiceProject3Tests */,
			);
		};
/* End PBXProject section */

/* Begin PBXResourcesBuildPhase section */
		566917C3195B6DCC008D7FC3 /* Resources */ = {
			isa = PBXResourcesBuildPhase;
			buildActionMask = 2147483647;
			files = (
				566917D3195B6DCC008D7FC3 /* InfoPlist.strings in Resources */,
				566917DB195B6DCC008D7FC3 /* Images.xcassets in Resources */,
			);
			runOnlyForDeploymentPostprocessing = 0;
		};
		566917DE195B6DCC008D7FC3 /* Resources */ = {
			isa = PBXResourcesBuildPhase;
			buildActionMask = 2147483647;
			files = (
				566917EC195B6DCC008D7FC3 /* InfoPlist.strings in Resources */,
			);
			runOnlyForDeploymentPostprocessing = 0;
		};
/* End PBXResourcesBuildPhase section */

/* Begin PBXSourcesBuildPhase section */
		566917C1195B6DCC008D7FC3 /* Sources */ = {
			isa = PBXSourcesBuildPhase;
			buildActionMask = 2147483647;
			files = (
				566917D9195B6DCC008D7FC3 /* AppDelegate.m in Sources */,
				566917D5195B6DCC008D7FC3 /* main.m in Sources */,
			);
			runOnlyForDeploymentPostprocessing = 0;
		};
		566917DC195B6DCC008D7FC3 /* Sources */ = {
			isa = PBXSourcesBuildPhase;
			buildActionMask = 2147483647;
			files = (
				566917EE195B6DCC008D7FC3 /* practiceProject3Tests.m in Sources */,
			);
			runOnlyForDeploymentPostprocessing = 0;
		};
/* End PBXSourcesBuildPhase section */

/* Begin PBXTargetDependency section */
		566917E6195B6DCC008D7FC3 /* PBXTargetDependency */ = {
			isa = PBXTargetDependency;
			target = 566917C4195B6DCC008D7FC3 /* practiceProject3 */;
			targetProxy = 566917E5195B6DCC008D7FC3 /* PBXContainerItemProxy */;
		};
/* End PBXTargetDependency section */

/* Begin PBXVariantGroup section */
		566917D1195B6DCC008D7FC3 /* InfoPlist.strings */ = {
			isa = PBXVariantGroup;
			children = (
				566917D2195B6DCC008D7FC3 /* en */,
			);
			name = InfoPlist.strings;
			sourceTree = "<group>";
		};
		566917EA195B6DCC008D7FC3 /* InfoPlist.strings */ = {
			isa = PBXVariantGroup;
			children = (
				566917EB195B6DCC008D7FC3 /* en */,
			);
			name = InfoPlist.strings;
			sourceTree = "<group>";
		};
/* End PBXVariantGroup section */

/* Begin XCBuildConfiguration section */
		566917EF195B6DCC008D7FC3 /* Debug */ = {
			isa = XCBuildConfiguration;
			buildSettings = {
				ALWAYS_SEARCH_USER_PATHS = NO;
				CLANG_CXX_LANGUAGE_STANDARD = "gnu++0x";
				CLANG_CXX_LIBRARY = "libc++";
				CLANG_ENABLE_MODULES = YES;
				CLANG_ENABLE_OBJC_ARC = YES;
				CLANG_WARN_BOOL_CONVERSION = YES;
				CLANG_WARN_CONSTANT_CONVERSION = YES;
				CLANG_WARN_DIRECT_OBJC_ISA_USAGE = YES_ERROR;
				CLANG_WARN_EMPTY_BODY = YES;
				CLANG_WARN_ENUM_CONVERSION = YES;
				CLANG_WARN_INT_CONVERSION = YES;
				CLANG_WARN_OBJC_ROOT_CLASS = YES_ERROR;
				CLANG_WARN__DUPLICATE_METHOD_MATCH = YES;
				"CODE_SIGN_IDENTITY[sdk=iphoneos*]" = "iPhone Developer";
				COPY_PHASE_STRIP = NO;
				GCC_C_LANGUAGE_STANDARD = gnu99;
				GCC_DYNAMIC_NO_PIC = NO;
				GCC_OPTIMIZATION_LEVEL = 0;
				GCC_PREPROCESSOR_DEFINITIONS = (
					"DEBUG=1",
					"$(inherited)",
				);
				GCC_SYMBOLS_PRIVATE_EXTERN = NO;
				GCC_WARN_64_TO_32_BIT_CONVERSION = YES;
				GCC_WARN_ABOUT_RETURN_TYPE = YES_ERROR;
				GCC_WARN_UNDECLARED_SELECTOR = YES;
				GCC_WARN_UNINITIALIZED_AUTOS = YES_AGGRESSIVE;
				GCC_WARN_UNUSED_FUNCTION = YES;
				GCC_WARN_UNUSED_VARIABLE = YES;
				IPHONEOS_DEPLOYMENT_TARGET = 7.1;
				ONLY_ACTIVE_ARCH = YES;
				SDKROOT = iphoneos;
				TARGETED_DEVICE_FAMILY = "1,2";
			};
			name = Debug;
		};
		566917F0195B6DCC008D7FC3 /* Release */ = {
			isa = XCBuildConfiguration;
			buildSettings = {
				ALWAYS_SEARCH_USER_PATHS = NO;
				CLANG_CXX_LANGUAGE_STANDARD = "gnu++0x";
				CLANG_CXX_LIBRARY = "libc++";
				CLANG_ENABLE_MODULES = YES;
				CLANG_ENABLE_OBJC_ARC = YES;
				CLANG_WARN_BOOL_CONVERSION = YES;
				CLANG_WARN_CONSTANT_CONVERSION = YES;
				CLANG_WARN_DIRECT_OBJC_ISA_USAGE = YES_ERROR;
				CLANG_WARN_EMPTY_BODY = YES;
				CLANG_WARN_ENUM_CONVERSION = YES;
				CLANG_WARN_INT_CONVERSION = YES;
				CLANG_WARN_OBJC_ROOT_CLASS = YES_ERROR;
				CLANG_WARN__DUPLICATE_METHOD_MATCH = YES;
				"CODE_SIGN_IDENTITY[sdk=iphoneos*]" = "iPhone Developer";
				COPY_PHASE_STRIP = YES;
				ENABLE_NS_ASSERTIONS = NO;
				GCC_C_LANGUAGE_STANDARD = gnu99;
				GCC_WARN_64_TO_32_BIT_CONVERSION = YES;
				GCC_WARN_ABOUT_RETURN_TYPE = YES_ERROR;
				GCC_WARN_UNDECLARED_SELECTOR = YES;
				GCC_WARN_UNINITIALIZED_AUTOS = YES_AGGRESSIVE;
				GCC_WARN_UNUSED_FUNCTION = YES;
				GCC_WARN_UNUSED_VARIABLE = YES;
				IPHONEOS_DEPLOYMENT_TARGET = 7.1;
				SDKROOT = iphoneos;
				TARGETED_DEVICE_FAMILY = "1,2";
				VALIDATE_PRODUCT = YES;
			};
			name = Release;
		};
		566917F2195B6DCC008D7FC3 /* Debug */ = {
			isa = XCBuildConfiguration;
			buildSettings = {
				ASSETCATALOG_COMPILER_APPICON_NAME = AppIcon;
				ASSETCATALOG_COMPILER_LAUNCHIMAGE_NAME = LaunchImage;
				GCC_PRECOMPILE_PREFIX_HEADER = YES;
				GCC_PREFIX_HEADER = "practiceProject3/practiceProject3-Prefix.pch";
				INFOPLIST_FILE = "practiceProject3/practiceProject3-Info.plist";
				PRODUCT_NAME = "$(TARGET_NAME)";
				WRAPPER_EXTENSION = app;
			};
			name = Debug;
		};
		566917F3195B6DCC008D7FC3 /* Release */ = {
			isa = XCBuildConfiguration;
			buildSettings = {
				ASSETCATALOG_COMPILER_APPICON_NAME = AppIcon;
				ASSETCATALOG_COMPILER_LAUNCHIMAGE_NAME = LaunchImage;
				GCC_PRECOMPILE_PREFIX_HEADER = YES;
				GCC_PREFIX_HEADER = "practiceProject3/practiceProject3-Prefix.pch";
				INFOPLIST_FILE = "practiceProject3/practiceProject3-Info.plist";
				PRODUCT_NAME = "$(TARGET_NAME)";
				WRAPPER_EXTENSION = app;
			};
			name = Release;
		};
		566917F5195B6DCC008D7FC3 /* Debug */ = {
			isa = XCBuildConfiguration;
			buildSettings = {
				BUNDLE_LOADER = "$(BUILT_PRODUCTS_DIR)/practiceProject3.app/practiceProject3";
				FRAMEWORK_SEARCH_PATHS = (
					"$(SDKROOT)/Developer/Library/Frameworks",
					"$(inherited)",
					"$(DEVELOPER_FRAMEWORKS_DIR)",
				);
				GCC_PRECOMPILE_PREFIX_HEADER = YES;
				GCC_PREFIX_HEADER = "practiceProject3/practiceProject3-Prefix.pch";
				GCC_PREPROCESSOR_DEFINITIONS = (
					"DEBUG=1",
					"$(inherited)",
				);
				INFOPLIST_FILE = "practiceProject3Tests/practiceProject3Tests-Info.plist";
				PRODUCT_NAME = "$(TARGET_NAME)";
				TEST_HOST = "$(BUNDLE_LOADER)";
				WRAPPER_EXTENSION = xctest;
			};
			name = Debug;
		};
		566917F6195B6DCC008D7FC3 /* Release */ = {
			isa = XCBuildConfiguration;
			buildSettings = {
				BUNDLE_LOADER = "$(BUILT_PRODUCTS_DIR)/practiceProject3.app/practiceProject3";
				FRAMEWORK_SEARCH_PATHS = (
					"$(SDKROOT)/Developer/Library/Frameworks",
					"$(inherited)",
					"$(DEVELOPER_FRAMEWORKS_DIR)",
				);
				GCC_PRECOMPILE_PREFIX_HEADER = YES;
				GCC_PREFIX_HEADER = "practiceProject3/practiceProject3-Prefix.pch";
				INFOPLIST_FILE = "practiceProject3Tests/practiceProject3Tests-Info.plist";
				PRODUCT_NAME = "$(TARGET_NAME)";
				TEST_HOST = "$(BUNDLE_LOADER)";
				WRAPPER_EXTENSION = xctest;
			};
			name = Release;
		};
/* End XCBuildConfiguration section */

/* Begin XCConfigurationList section */
		566917C0195B6DCC008D7FC3 /* Build configuration list for PBXProject "practiceProject3" */ = {
			isa = XCConfigurationList;
			buildConfigurations = (
				566917EF195B6DCC008D7FC3 /* Debug */,
				566917F0195B6DCC008D7FC3 /* Release */,
			);
			defaultConfigurationIsVisible = 0;
			defaultConfigurationName = Release;
		};
		566917F1195B6DCC008D7FC3 /* Build configuration list for PBXNativeTarget "practiceProject3" */ = {
			isa = XCConfigurationList;
			buildConfigurations = (
				566917F2195B6DCC008D7FC3 /* Debug */,
				566917F3195B6DCC008D7FC3 /* Release */,
			);
			defaultConfigurationIsVisible = 0;
		};
		566917F4195B6DCC008D7FC3 /* Build configuration list for PBXNativeTarget "practiceProject3Tests" */ = {
			isa = XCConfigurationList;
			buildConfigurations = (
				566917F5195B6DCC008D7FC3 /* Debug */,
				566917F6195B6DCC008D7FC3 /* Release */,
			);
			defaultConfigurationIsVisible = 0;
		};
/* End XCConfigurationList section */
	};
	rootObject = 566917BD195B6DCC008D7FC3 /* Project object */;
}
